// !$*UTF8*$!
{
	archiveVersion = 1;
	classes = {
	};
	objectVersion = 56;
	objects = {

/* Begin PBXBuildFile section */
		A9E3415F2D233C3B007F2246 /* CookieSwifterApp.swift in Sources */ = {isa = PBXBuildFile; fileRef = A9E3415E2D233C3B007F2246 /* CookieSwifterApp.swift */; };
		A9E341612D233C3B007F2246 /* ContentView.swift in Sources */ = {isa = PBXBuildFile; fileRef = A9E341602D233C3B007F2246 /* ContentView.swift */; };
		A9E341652D233C43007F2246 /* Assets.xcassets in Resources */ = {isa = PBXBuildFile; fileRef = A9E341642D233C43007F2246 /* Assets.xcassets */; };
		A9E341692D233C43007F2246 /* Preview Assets.xcassets in Resources */ = {isa = PBXBuildFile; fileRef = A9E341682D233C43007F2246 /* Preview Assets.xcassets */; };
		A9E341732D233C44007F2246 /* CookieSwifterTests.swift in Sources */ = {isa = PBXBuildFile; fileRef = A9E341722D233C44007F2246 /* CookieSwifterTests.swift */; };
		A9E3417D2D233C44007F2246 /* CookieSwifterUITests.swift in Sources */ = {isa = PBXBuildFile; fileRef = A9E3417C2D233C44007F2246 /* CookieSwifterUITests.swift */; };
		A9E3417F2D233C44007F2246 /* CookieSwifterUITestsLaunchTests.swift in Sources */ = {isa = PBXBuildFile; fileRef = A9E3417E2D233C44007F2246 /* CookieSwifterUITestsLaunchTests.swift */; };
		A9E3418D2D233D11007F2246 /* CookieGame.swift in Sources */ = {isa = PBXBuildFile; fileRef = A9E3418B2D233D10007F2246 /* CookieGame.swift */; };
		A9E3418E2D233D11007F2246 /* AchievementsView.swift in Sources */ = {isa = PBXBuildFile; fileRef = A9E3418C2D233D10007F2246 /* AchievementsView.swift */; };
/* End PBXBuildFile section */

/* Begin PBXContainerItemProxy section */
		A9E3416F2D233C44007F2246 /* PBXContainerItemProxy */ = {
			isa = PBXContainerItemProxy;
			containerPortal = A9E341532D233C3B007F2246 /* Project object */;
			proxyType = 1;
			remoteGlobalIDString = A9E3415A2D233C3B007F2246;
			remoteInfo = CookieSwifter;
		};
		A9E341792D233C44007F2246 /* PBXContainerItemProxy */ = {
			isa = PBXContainerItemProxy;
			containerPortal = A9E341532D233C3B007F2246 /* Project object */;
			proxyType = 1;
			remoteGlobalIDString = A9E3415A2D233C3B007F2246;
			remoteInfo = CookieSwifter;
		};
/* End PBXContainerItemProxy section */

/* Begin PBXFileReference section */
		A9E3415B2D233C3B007F2246 /* CookieSwifter.app */ = {isa = PBXFileReference; explicitFileType = wrapper.application; includeInIndex = 0; path = CookieSwifter.app; sourceTree = BUILT_PRODUCTS_DIR; };
		A9E3415E2D233C3B007F2246 /* CookieSwifterApp.swift */ = {isa = PBXFileReference; lastKnownFileType = sourcecode.swift; path = CookieSwifterApp.swift; sourceTree = "<group>"; };
		A9E341602D233C3B007F2246 /* ContentView.swift */ = {isa = PBXFileReference; lastKnownFileType = sourcecode.swift; path = ContentView.swift; sourceTree = "<group>"; };
		A9E341642D233C43007F2246 /* Assets.xcassets */ = {isa = PBXFileReference; lastKnownFileType = folder.assetcatalog; path = Assets.xcassets; sourceTree = "<group>"; };
		A9E341662D233C43007F2246 /* CookieSwifter.entitlements */ = {isa = PBXFileReference; lastKnownFileType = text.plist.entitlements; path = CookieSwifter.entitlements; sourceTree = "<group>"; };
		A9E341682D233C43007F2246 /* Preview Assets.xcassets */ = {isa = PBXFileReference; lastKnownFileType = folder.assetcatalog; path = "Preview Assets.xcassets"; sourceTree = "<group>"; };
		A9E3416E2D233C44007F2246 /* CookieSwifterTests.xctest */ = {isa = PBXFileReference; explicitFileType = wrapper.cfbundle; includeInIndex = 0; path = CookieSwifterTests.xctest; sourceTree = BUILT_PRODUCTS_DIR; };
		A9E341722D233C44007F2246 /* CookieSwifterTests.swift */ = {isa = PBXFileReference; lastKnownFileType = sourcecode.swift; path = CookieSwifterTests.swift; sourceTree = "<group>"; };
		A9E341782D233C44007F2246 /* CookieSwifterUITests.xctest */ = {isa = PBXFileReference; explicitFileType = wrapper.cfbundle; includeInIndex = 0; path = CookieSwifterUITests.xctest; sourceTree = BUILT_PRODUCTS_DIR; };
		A9E3417C2D233C44007F2246 /* CookieSwifterUITests.swift */ = {isa = PBXFileReference; lastKnownFileType = sourcecode.swift; path = CookieSwifterUITests.swift; sourceTree = "<group>"; };
		A9E3417E2D233C44007F2246 /* CookieSwifterUITestsLaunchTests.swift */ = {isa = PBXFileReference; lastKnownFileType = sourcecode.swift; path = CookieSwifterUITestsLaunchTests.swift; sourceTree = "<group>"; };
		A9E3418B2D233D10007F2246 /* CookieGame.swift */ = {isa = PBXFileReference; fileEncoding = 4; lastKnownFileType = sourcecode.swift; path = CookieGame.swift; sourceTree = "<group>"; };
		A9E3418C2D233D10007F2246 /* AchievementsView.swift */ = {isa = PBXFileReference; fileEncoding = 4; lastKnownFileType = sourcecode.swift; path = AchievementsView.swift; sourceTree = "<group>"; };
/* End PBXFileReference section */

/* Begin PBXFrameworksBuildPhase section */
		A9E341582D233C3B007F2246 /* Frameworks */ = {
			isa = PBXFrameworksBuildPhase;
			buildActionMask = 2147483647;
			files = (
			);
			runOnlyForDeploymentPostprocessing = 0;
		};
		A9E3416B2D233C44007F2246 /* Frameworks */ = {
			isa = PBXFrameworksBuildPhase;
			buildActionMask = 2147483647;
			files = (
			);
			runOnlyForDeploymentPostprocessing = 0;
		};
		A9E341752D233C44007F2246 /* Frameworks */ = {
			isa = PBXFrameworksBuildPhase;
			buildActionMask = 2147483647;
			files = (
			);
			runOnlyForDeploymentPostprocessing = 0;
		};
/* End PBXFrameworksBuildPhase section */

/* Begin PBXGroup section */
		A9E341522D233C3B007F2246 = {
			isa = PBXGroup;
			children = (
				A9E3415D2D233C3B007F2246 /* CookieSwifter */,
				A9E341712D233C44007F2246 /* CookieSwifterTests */,
				A9E3417B2D233C44007F2246 /* CookieSwifterUITests */,
				A9E3415C2D233C3B007F2246 /* Products */,
			);
			sourceTree = "<group>";
		};
		A9E3415C2D233C3B007F2246 /* Products */ = {
			isa = PBXGroup;
			children = (
				A9E3415B2D233C3B007F2246 /* CookieSwifter.app */,
				A9E3416E2D233C44007F2246 /* CookieSwifterTests.xctest */,
				A9E341782D233C44007F2246 /* CookieSwifterUITests.xctest */,
			);
			name = Products;
			sourceTree = "<group>";
		};
		A9E3415D2D233C3B007F2246 /* CookieSwifter */ = {
			isa = PBXGroup;
			children = (
				A9E3415E2D233C3B007F2246 /* CookieSwifterApp.swift */,
				A9E341602D233C3B007F2246 /* ContentView.swift */,
				A9E3418C2D233D10007F2246 /* AchievementsView.swift */,
				A9E3418B2D233D10007F2246 /* CookieGame.swift */,
				A9E341642D233C43007F2246 /* Assets.xcassets */,
				A9E341662D233C43007F2246 /* CookieSwifter.entitlements */,
				A9E341672D233C43007F2246 /* Preview Content */,
			);
			path = CookieSwifter;
			sourceTree = "<group>";
		};
		A9E341672D233C43007F2246 /* Preview Content */ = {
			isa = PBXGroup;
			children = (
				A9E341682D233C43007F2246 /* Preview Assets.xcassets */,
			);
			path = "Preview Content";
			sourceTree = "<group>";
		};
		A9E341712D233C44007F2246 /* CookieSwifterTests */ = {
			isa = PBXGroup;
			children = (
				A9E341722D233C44007F2246 /* CookieSwifterTests.swift */,
			);
			path = CookieSwifterTests;
			sourceTree = "<group>";
		};
		A9E3417B2D233C44007F2246 /* CookieSwifterUITests */ = {
			isa = PBXGroup;
			children = (
				A9E3417C2D233C44007F2246 /* CookieSwifterUITests.swift */,
				A9E3417E2D233C44007F2246 /* CookieSwifterUITestsLaunchTests.swift */,
			);
			path = CookieSwifterUITests;
			sourceTree = "<group>";
		};
/* End PBXGroup section */

/* Begin PBXNativeTarget section */
		A9E3415A2D233C3B007F2246 /* CookieSwifter */ = {
			isa = PBXNativeTarget;
			buildConfigurationList = A9E341822D233C44007F2246 /* Build configuration list for PBXNativeTarget "CookieSwifter" */;
			buildPhases = (
				A9E341572D233C3B007F2246 /* Sources */,
				A9E341582D233C3B007F2246 /* Frameworks */,
				A9E341592D233C3B007F2246 /* Resources */,
			);
			buildRules = (
			);
			dependencies = (
			);
			name = CookieSwifter;
			productName = CookieSwifter;
			productReference = A9E3415B2D233C3B007F2246 /* CookieSwifter.app */;
			productType = "com.apple.product-type.application";
		};
		A9E3416D2D233C44007F2246 /* CookieSwifterTests */ = {
			isa = PBXNativeTarget;
			buildConfigurationList = A9E341852D233C44007F2246 /* Build configuration list for PBXNativeTarget "CookieSwifterTests" */;
			buildPhases = (
				A9E3416A2D233C44007F2246 /* Sources */,
				A9E3416B2D233C44007F2246 /* Frameworks */,
				A9E3416C2D233C44007F2246 /* Resources */,
			);
			buildRules = (
			);
			dependencies = (
				A9E341702D233C44007F2246 /* PBXTargetDependency */,
			);
			name = CookieSwifterTests;
			productName = CookieSwifterTests;
			productReference = A9E3416E2D233C44007F2246 /* CookieSwifterTests.xctest */;
			productType = "com.apple.product-type.bundle.unit-test";
		};
		A9E341772D233C44007F2246 /* CookieSwifterUITests */ = {
			isa = PBXNativeTarget;
			buildConfigurationList = A9E341882D233C44007F2246 /* Build configuration list for PBXNativeTarget "CookieSwifterUITests" */;
			buildPhases = (
				A9E341742D233C44007F2246 /* Sources */,
				A9E341752D233C44007F2246 /* Frameworks */,
				A9E341762D233C44007F2246 /* Resources */,
			);
			buildRules = (
			);
			dependencies = (
				A9E3417A2D233C44007F2246 /* PBXTargetDependency */,
			);
			name = CookieSwifterUITests;
			productName = CookieSwifterUITests;
			productReference = A9E341782D233C44007F2246 /* CookieSwifterUITests.xctest */;
			productType = "com.apple.product-type.bundle.ui-testing";
		};
/* End PBXNativeTarget section */

/* Begin PBXProject section */
		A9E341532D233C3B007F2246 /* Project object */ = {
			isa = PBXProject;
			attributes = {
				BuildIndependentTargetsInParallel = 1;
				LastSwiftUpdateCheck = 1540;
				LastUpgradeCheck = 1540;
				TargetAttributes = {
					A9E3415A2D233C3B007F2246 = {
						CreatedOnToolsVersion = 15.4;
					};
					A9E3416D2D233C44007F2246 = {
						CreatedOnToolsVersion = 15.4;
						TestTargetID = A9E3415A2D233C3B007F2246;
					};
					A9E341772D233C44007F2246 = {
						CreatedOnToolsVersion = 15.4;
						TestTargetID = A9E3415A2D233C3B007F2246;
					};
				};
			};
			buildConfigurationList = A9E341562D233C3B007F2246 /* Build configuration list for PBXProject "CookieSwifter" */;
			compatibilityVersion = "Xcode 14.0";
			developmentRegion = en;
			hasScannedForEncodings = 0;
			knownRegions = (
				en,
				Base,
			);
			mainGroup = A9E341522D233C3B007F2246;
			productRefGroup = A9E3415C2D233C3B007F2246 /* Products */;
			projectDirPath = "";
			projectRoot = "";
			targets = (
				A9E3415A2D233C3B007F2246 /* CookieSwifter */,
				A9E3416D2D233C44007F2246 /* CookieSwifterTests */,
				A9E341772D233C44007F2246 /* CookieSwifterUITests */,
			);
		};
/* End PBXProject section */

/* Begin PBXResourcesBuildPhase section */
		A9E341592D233C3B007F2246 /* Resources */ = {
			isa = PBXResourcesBuildPhase;
			buildActionMask = 2147483647;
			files = (
				A9E341692D233C43007F2246 /* Preview Assets.xcassets in Resources */,
				A9E341652D233C43007F2246 /* Assets.xcassets in Resources */,
			);
			runOnlyForDeploymentPostprocessing = 0;
		};
		A9E3416C2D233C44007F2246 /* Resources */ = {
			isa = PBXResourcesBuildPhase;
			buildActionMask = 2147483647;
			files = (
			);
			runOnlyForDeploymentPostprocessing = 0;
		};
		A9E341762D233C44007F2246 /* Resources */ = {
			isa = PBXResourcesBuildPhase;
			buildActionMask = 2147483647;
			files = (
			);
			runOnlyForDeploymentPostprocessing = 0;
		};
/* End PBXResourcesBuildPhase section */

/* Begin PBXSourcesBuildPhase section */
		A9E341572D233C3B007F2246 /* Sources */ = {
			isa = PBXSourcesBuildPhase;
			buildActionMask = 2147483647;
			files = (
				A9E3418E2D233D11007F2246 /* AchievementsView.swift in Sources */,
				A9E3418D2D233D11007F2246 /* CookieGame.swift in Sources */,
				A9E341612D233C3B007F2246 /* ContentView.swift in Sources */,
				A9E3415F2D233C3B007F2246 /* CookieSwifterApp.swift in Sources */,
			);
			runOnlyForDeploymentPostprocessing = 0;
		};
		A9E3416A2D233C44007F2246 /* Sources */ = {
			isa = PBXSourcesBuildPhase;
			buildActionMask = 2147483647;
			files = (
				A9E341732D233C44007F2246 /* CookieSwifterTests.swift in Sources */,
			);
			runOnlyForDeploymentPostprocessing = 0;
		};
		A9E341742D233C44007F2246 /* Sources */ = {
			isa = PBXSourcesBuildPhase;
			buildActionMask = 2147483647;
			files = (
				A9E3417D2D233C44007F2246 /* CookieSwifterUITests.swift in Sources */,
				A9E3417F2D233C44007F2246 /* CookieSwifterUITestsLaunchTests.swift in Sources */,
			);
			runOnlyForDeploymentPostprocessing = 0;
		};
/* End PBXSourcesBuildPhase section */

/* Begin PBXTargetDependency section */
		A9E341702D233C44007F2246 /* PBXTargetDependency */ = {
			isa = PBXTargetDependency;
			target = A9E3415A2D233C3B007F2246 /* CookieSwifter */;
			targetProxy = A9E3416F2D233C44007F2246 /* PBXContainerItemProxy */;
		};
		A9E3417A2D233C44007F2246 /* PBXTargetDependency */ = {
			isa = PBXTargetDependency;
			target = A9E3415A2D233C3B007F2246 /* CookieSwifter */;
			targetProxy = A9E341792D233C44007F2246 /* PBXContainerItemProxy */;
		};
/* End PBXTargetDependency section */

/* Begin XCBuildConfiguration section */
		A9E341802D233C44007F2246 /* Debug */ = {
			isa = XCBuildConfiguration;
			buildSettings = {
				ALWAYS_SEARCH_USER_PATHS = NO;
				ASSETCATALOG_COMPILER_GENERATE_SWIFT_ASSET_SYMBOL_EXTENSIONS = YES;
				CLANG_ANALYZER_NONNULL = YES;
				CLANG_ANALYZER_NUMBER_OBJECT_CONVERSION = YES_AGGRESSIVE;
				CLANG_CXX_LANGUAGE_STANDARD = "gnu++20";
				CLANG_ENABLE_MODULES = YES;
				CLANG_ENABLE_OBJC_ARC = YES;
				CLANG_ENABLE_OBJC_WEAK = YES;
				CLANG_WARN_BLOCK_CAPTURE_AUTORELEASING = YES;
				CLANG_WARN_BOOL_CONVERSION = YES;
				CLANG_WARN_COMMA = YES;
				CLANG_WARN_CONSTANT_CONVERSION = YES;
				CLANG_WARN_DEPRECATED_OBJC_IMPLEMENTATIONS = YES;
				CLANG_WARN_DIRECT_OBJC_ISA_USAGE = YES_ERROR;
				CLANG_WARN_DOCUMENTATION_COMMENTS = YES;
				CLANG_WARN_EMPTY_BODY = YES;
				CLANG_WARN_ENUM_CONVERSION = YES;
				CLANG_WARN_INFINITE_RECURSION = YES;
				CLANG_WARN_INT_CONVERSION = YES;
				CLANG_WARN_NON_LITERAL_NULL_CONVERSION = YES;
				CLANG_WARN_OBJC_IMPLICIT_RETAIN_SELF = YES;
				CLANG_WARN_OBJC_LITERAL_CONVERSION = YES;
				CLANG_WARN_OBJC_ROOT_CLASS = YES_ERROR;
				CLANG_WARN_QUOTED_INCLUDE_IN_FRAMEWORK_HEADER = YES;
				CLANG_WARN_RANGE_LOOP_ANALYSIS = YES;
				CLANG_WARN_STRICT_PROTOTYPES = YES;
				CLANG_WARN_SUSPICIOUS_MOVE = YES;
				CLANG_WARN_UNGUARDED_AVAILABILITY = YES_AGGRESSIVE;
				CLANG_WARN_UNREACHABLE_CODE = YES;
				CLANG_WARN__DUPLICATE_METHOD_MATCH = YES;
				COPY_PHASE_STRIP = NO;
				DEBUG_INFORMATION_FORMAT = dwarf;
				ENABLE_STRICT_OBJC_MSGSEND = YES;
				ENABLE_TESTABILITY = YES;
				ENABLE_USER_SCRIPT_SANDBOXING = YES;
				GCC_C_LANGUAGE_STANDARD = gnu17;
				GCC_DYNAMIC_NO_PIC = NO;
				GCC_NO_COMMON_BLOCKS = YES;
				GCC_OPTIMIZATION_LEVEL = 0;
				GCC_PREPROCESSOR_DEFINITIONS = (
					"DEBUG=1",
					"$(inherited)",
				);
				GCC_WARN_64_TO_32_BIT_CONVERSION = YES;
				GCC_WARN_ABOUT_RETURN_TYPE = YES_ERROR;
				GCC_WARN_UNDECLARED_SELECTOR = YES;
				GCC_WARN_UNINITIALIZED_AUTOS = YES_AGGRESSIVE;
				GCC_WARN_UNUSED_FUNCTION = YES;
				GCC_WARN_UNUSED_VARIABLE = YES;
				LOCALIZATION_PREFERS_STRING_CATALOGS = YES;
				MTL_ENABLE_DEBUG_INFO = INCLUDE_SOURCE;
				MTL_FAST_MATH = YES;
				ONLY_ACTIVE_ARCH = YES;
				SWIFT_ACTIVE_COMPILATION_CONDITIONS = "DEBUG $(inherited)";
				SWIFT_OPTIMIZATION_LEVEL = "-Onone";
			};
			name = Debug;
		};
		A9E341812D233C44007F2246 /* Release */ = {
			isa = XCBuildConfiguration;
			buildSettings = {
				ALWAYS_SEARCH_USER_PATHS = NO;
				ASSETCATALOG_COMPILER_GENERATE_SWIFT_ASSET_SYMBOL_EXTENSIONS = YES;
				CLANG_ANALYZER_NONNULL = YES;
				CLANG_ANALYZER_NUMBER_OBJECT_CONVERSION = YES_AGGRESSIVE;
				CLANG_CXX_LANGUAGE_STANDARD = "gnu++20";
				CLANG_ENABLE_MODULES = YES;
				CLANG_ENABLE_OBJC_ARC = YES;
				CLANG_ENABLE_OBJC_WEAK = YES;
				CLANG_WARN_BLOCK_CAPTURE_AUTORELEASING = YES;
				CLANG_WARN_BOOL_CONVERSION = YES;
				CLANG_WARN_COMMA = YES;
				CLANG_WARN_CONSTANT_CONVERSION = YES;
				CLANG_WARN_DEPRECATED_OBJC_IMPLEMENTATIONS = YES;
				CLANG_WARN_DIRECT_OBJC_ISA_USAGE = YES_ERROR;
				CLANG_WARN_DOCUMENTATION_COMMENTS = YES;
				CLANG_WARN_EMPTY_BODY = YES;
				CLANG_WARN_ENUM_CONVERSION = YES;
				CLANG_WARN_INFINITE_RECURSION = YES;
				CLANG_WARN_INT_CONVERSION = YES;
				CLANG_WARN_NON_LITERAL_NULL_CONVERSION = YES;
				CLANG_WARN_OBJC_IMPLICIT_RETAIN_SELF = YES;
				CLANG_WARN_OBJC_LITERAL_CONVERSION = YES;
				CLANG_WARN_OBJC_ROOT_CLASS = YES_ERROR;
				CLANG_WARN_QUOTED_INCLUDE_IN_FRAMEWORK_HEADER = YES;
				CLANG_WARN_RANGE_LOOP_ANALYSIS = YES;
				CLANG_WARN_STRICT_PROTOTYPES = YES;
				CLANG_WARN_SUSPICIOUS_MOVE = YES;
				CLANG_WARN_UNGUARDED_AVAILABILITY = YES_AGGRESSIVE;
				CLANG_WARN_UNREACHABLE_CODE = YES;
				CLANG_WARN__DUPLICATE_METHOD_MATCH = YES;
				COPY_PHASE_STRIP = NO;
				DEBUG_INFORMATION_FORMAT = "dwarf-with-dsym";
				ENABLE_NS_ASSERTIONS = NO;
				ENABLE_STRICT_OBJC_MSGSEND = YES;
				ENABLE_USER_SCRIPT_SANDBOXING = YES;
				GCC_C_LANGUAGE_STANDARD = gnu17;
				GCC_NO_COMMON_BLOCKS = YES;
				GCC_WARN_64_TO_32_BIT_CONVERSION = YES;
				GCC_WARN_ABOUT_RETURN_TYPE = YES_ERROR;
				GCC_WARN_UNDECLARED_SELECTOR = YES;
				GCC_WARN_UNINITIALIZED_AUTOS = YES_AGGRESSIVE;
				GCC_WARN_UNUSED_FUNCTION = YES;
				GCC_WARN_UNUSED_VARIABLE = YES;
				LOCALIZATION_PREFERS_STRING_CATALOGS = YES;
				MTL_ENABLE_DEBUG_INFO = NO;
				MTL_FAST_MATH = YES;
				SWIFT_COMPILATION_MODE = wholemodule;
			};
			name = Release;
		};
		A9E341832D233C44007F2246 /* Debug */ = {
			isa = XCBuildConfiguration;
			buildSettings = {
				ASSETCATALOG_COMPILER_APPICON_NAME = AppIcon;
				ASSETCATALOG_COMPILER_GLOBAL_ACCENT_COLOR_NAME = AccentColor;
				CODE_SIGN_ENTITLEMENTS = CookieSwifter/CookieSwifter.entitlements;
				CODE_SIGN_STYLE = Automatic;
				CURRENT_PROJECT_VERSION = 1;
				DEVELOPMENT_ASSET_PATHS = "\"CookieSwifter/Preview Content\"";
				DEVELOPMENT_TEAM = 8626DL2GW3;
				ENABLE_HARDENED_RUNTIME = YES;
				ENABLE_PREVIEWS = YES;
				GENERATE_INFOPLIST_FILE = YES;
				"INFOPLIST_KEY_UIApplicationSceneManifest_Generation[sdk=iphoneos*]" = YES;
				"INFOPLIST_KEY_UIApplicationSceneManifest_Generation[sdk=iphonesimulator*]" = YES;
				"INFOPLIST_KEY_UIApplicationSupportsIndirectInputEvents[sdk=iphoneos*]" = YES;
				"INFOPLIST_KEY_UIApplicationSupportsIndirectInputEvents[sdk=iphonesimulator*]" = YES;
				"INFOPLIST_KEY_UILaunchScreen_Generation[sdk=iphoneos*]" = YES;
				"INFOPLIST_KEY_UILaunchScreen_Generation[sdk=iphonesimulator*]" = YES;
				"INFOPLIST_KEY_UIStatusBarStyle[sdk=iphoneos*]" = UIStatusBarStyleDefault;
				"INFOPLIST_KEY_UIStatusBarStyle[sdk=iphonesimulator*]" = UIStatusBarStyleDefault;
				INFOPLIST_KEY_UISupportedInterfaceOrientations_iPad = "UIInterfaceOrientationPortrait UIInterfaceOrientationPortraitUpsideDown UIInterfaceOrientationLandscapeLeft UIInterfaceOrientationLandscapeRight";
				INFOPLIST_KEY_UISupportedInterfaceOrientations_iPhone = "UIInterfaceOrientationPortrait UIInterfaceOrientationLandscapeLeft UIInterfaceOrientationLandscapeRight";
				IPHONEOS_DEPLOYMENT_TARGET = 17.5;
				LD_RUNPATH_SEARCH_PATHS = "@executable_path/Frameworks";
				"LD_RUNPATH_SEARCH_PATHS[sdk=macosx*]" = "@executable_path/../Frameworks";
				MACOSX_DEPLOYMENT_TARGET = 14.0;
				MARKETING_VERSION = 1.0;
				PRODUCT_BUNDLE_IDENTIFIER = com.neon443.CookieSwifter;
				PRODUCT_NAME = "$(TARGET_NAME)";
				SDKROOT = auto;
				SUPPORTED_PLATFORMS = "iphoneos iphonesimulator macosx";
				SWIFT_EMIT_LOC_STRINGS = YES;
				SWIFT_VERSION = 5.0;
				TARGETED_DEVICE_FAMILY = "1,2";
			};
			name = Debug;
		};
		A9E341842D233C44007F2246 /* Release */ = {
			isa = XCBuildConfiguration;
			buildSettings = {
				ASSETCATALOG_COMPILER_APPICON_NAME = AppIcon;
				ASSETCATALOG_COMPILER_GLOBAL_ACCENT_COLOR_NAME = AccentColor;
				CODE_SIGN_ENTITLEMENTS = CookieSwifter/CookieSwifter.entitlements;
				CODE_SIGN_STYLE = Automatic;
				CURRENT_PROJECT_VERSION = 1;
				DEVELOPMENT_ASSET_PATHS = "\"CookieSwifter/Preview Content\"";
				DEVELOPMENT_TEAM = 8626DL2GW3;
				ENABLE_HARDENED_RUNTIME = YES;
				ENABLE_PREVIEWS = YES;
				GENERATE_INFOPLIST_FILE = YES;
				"INFOPLIST_KEY_UIApplicationSceneManifest_Generation[sdk=iphoneos*]" = YES;
				"INFOPLIST_KEY_UIApplicationSceneManifest_Generation[sdk=iphonesimulator*]" = YES;
				"INFOPLIST_KEY_UIApplicationSupportsIndirectInputEvents[sdk=iphoneos*]" = YES;
				"INFOPLIST_KEY_UIApplicationSupportsIndirectInputEvents[sdk=iphonesimulator*]" = YES;
				"INFOPLIST_KEY_UILaunchScreen_Generation[sdk=iphoneos*]" = YES;
				"INFOPLIST_KEY_UILaunchScreen_Generation[sdk=iphonesimulator*]" = YES;
				"INFOPLIST_KEY_UIStatusBarStyle[sdk=iphoneos*]" = UIStatusBarStyleDefault;
				"INFOPLIST_KEY_UIStatusBarStyle[sdk=iphonesimulator*]" = UIStatusBarStyleDefault;
				INFOPLIST_KEY_UISupportedInterfaceOrientations_iPad = "UIInterfaceOrientationPortrait UIInterfaceOrientationPortraitUpsideDown UIInterfaceOrientationLandscapeLeft UIInterfaceOrientationLandscapeRight";
				INFOPLIST_KEY_UISupportedInterfaceOrientations_iPhone = "UIInterfaceOrientationPortrait UIInterfaceOrientationLandscapeLeft UIInterfaceOrientationLandscapeRight";
				IPHONEOS_DEPLOYMENT_TARGET = 17.5;
				LD_RUNPATH_SEARCH_PATHS = "@executable_path/Frameworks";
				"LD_RUNPATH_SEARCH_PATHS[sdk=macosx*]" = "@executable_path/../Frameworks";
				MACOSX_DEPLOYMENT_TARGET = 14.0;
				MARKETING_VERSION = 1.0;
				PRODUCT_BUNDLE_IDENTIFIER = com.neon443.CookieSwifter;
				PRODUCT_NAME = "$(TARGET_NAME)";
				SDKROOT = auto;
				SUPPORTED_PLATFORMS = "iphoneos iphonesimulator macosx";
				SWIFT_EMIT_LOC_STRINGS = YES;
				SWIFT_VERSION = 5.0;
				TARGETED_DEVICE_FAMILY = "1,2";
			};
			name = Release;
		};
		A9E341862D233C44007F2246 /* Debug */ = {
			isa = XCBuildConfiguration;
			buildSettings = {
				ALWAYS_EMBED_SWIFT_STANDARD_LIBRARIES = YES;
				BUNDLE_LOADER = "$(TEST_HOST)";
				CODE_SIGN_STYLE = Automatic;
				CURRENT_PROJECT_VERSION = 1;
				DEVELOPMENT_TEAM = 8626DL2GW3;
				GENERATE_INFOPLIST_FILE = YES;
				IPHONEOS_DEPLOYMENT_TARGET = 17.5;
				MACOSX_DEPLOYMENT_TARGET = 14.5;
				MARKETING_VERSION = 1.0;
				PRODUCT_BUNDLE_IDENTIFIER = com.neon443.CookieSwifterTests;
				PRODUCT_NAME = "$(TARGET_NAME)";
				SDKROOT = auto;
				SUPPORTED_PLATFORMS = "iphoneos iphonesimulator macosx";
				SWIFT_EMIT_LOC_STRINGS = NO;
				SWIFT_VERSION = 5.0;
				TARGETED_DEVICE_FAMILY = "1,2";
				TEST_HOST = "$(BUILT_PRODUCTS_DIR)/CookieSwifter.app/$(BUNDLE_EXECUTABLE_FOLDER_PATH)/CookieSwifter";
			};
			name = Debug;
		};
		A9E341872D233C44007F2246 /* Release */ = {
			isa = XCBuildConfiguration;
			buildSettings = {
				ALWAYS_EMBED_SWIFT_STANDARD_LIBRARIES = YES;
				BUNDLE_LOADER = "$(TEST_HOST)";
				CODE_SIGN_STYLE = Automatic;
				CURRENT_PROJECT_VERSION = 1;
				DEVELOPMENT_TEAM = 8626DL2GW3;
				GENERATE_INFOPLIST_FILE = YES;
				IPHONEOS_DEPLOYMENT_TARGET = 17.5;
				MACOSX_DEPLOYMENT_TARGET = 14.5;
				MARKETING_VERSION = 1.0;
				PRODUCT_BUNDLE_IDENTIFIER = com.neon443.CookieSwifterTests;
				PRODUCT_NAME = "$(TARGET_NAME)";
				SDKROOT = auto;
				SUPPORTED_PLATFORMS = "iphoneos iphonesimulator macosx";
				SWIFT_EMIT_LOC_STRINGS = NO;
				SWIFT_VERSION = 5.0;
				TARGETED_DEVICE_FAMILY = "1,2";
				TEST_HOST = "$(BUILT_PRODUCTS_DIR)/CookieSwifter.app/$(BUNDLE_EXECUTABLE_FOLDER_PATH)/CookieSwifter";
			};
			name = Release;
		};
		A9E341892D233C44007F2246 /* Debug */ = {
			isa = XCBuildConfiguration;
			buildSettings = {
				ALWAYS_EMBED_SWIFT_STANDARD_LIBRARIES = YES;
				CODE_SIGN_STYLE = Automatic;
				CURRENT_PROJECT_VERSION = 1;
				DEVELOPMENT_TEAM = 8626DL2GW3;
				GENERATE_INFOPLIST_FILE = YES;
				IPHONEOS_DEPLOYMENT_TARGET = 17.5;
				MACOSX_DEPLOYMENT_TARGET = 14.5;
				MARKETING_VERSION = 1.0;
				PRODUCT_BUNDLE_IDENTIFIER = com.neon443.CookieSwifterUITests;
				PRODUCT_NAME = "$(TARGET_NAME)";
				SDKROOT = auto;
				SUPPORTED_PLATFORMS = "iphoneos iphonesimulator macosx";
				SWIFT_EMIT_LOC_STRINGS = NO;
				SWIFT_VERSION = 5.0;
				TARGETED_DEVICE_FAMILY = "1,2";
				TEST_TARGET_NAME = CookieSwifter;
			};
			name = Debug;
		};
		A9E3418A2D233C44007F2246 /* Release */ = {
			isa = XCBuildConfiguration;
			buildSettings = {
				ALWAYS_EMBED_SWIFT_STANDARD_LIBRARIES = YES;
				CODE_SIGN_STYLE = Automatic;
				CURRENT_PROJECT_VERSION = 1;
				DEVELOPMENT_TEAM = 8626DL2GW3;
				GENERATE_INFOPLIST_FILE = YES;
				IPHONEOS_DEPLOYMENT_TARGET = 17.5;
				MACOSX_DEPLOYMENT_TARGET = 14.5;
				MARKETING_VERSION = 1.0;
				PRODUCT_BUNDLE_IDENTIFIER = com.neon443.CookieSwifterUITests;
				PRODUCT_NAME = "$(TARGET_NAME)";
				SDKROOT = auto;
				SUPPORTED_PLATFORMS = "iphoneos iphonesimulator macosx";
				SWIFT_EMIT_LOC_STRINGS = NO;
				SWIFT_VERSION = 5.0;
				TARGETED_DEVICE_FAMILY = "1,2";
				TEST_TARGET_NAME = CookieSwifter;
			};
			name = Release;
		};
/* End XCBuildConfiguration section */

/* Begin XCConfigurationList section */
		A9E341562D233C3B007F2246 /* Build configuration list for PBXProject "CookieSwifter" */ = {
			isa = XCConfigurationList;
			buildConfigurations = (
				A9E341802D233C44007F2246 /* Debug */,
				A9E341812D233C44007F2246 /* Release */,
			);
			defaultConfigurationIsVisible = 0;
			defaultConfigurationName = Release;
		};
		A9E341822D233C44007F2246 /* Build configuration list for PBXNativeTarget "CookieSwifter" */ = {
			isa = XCConfigurationList;
			buildConfigurations = (
				A9E341832D233C44007F2246 /* Debug */,
				A9E341842D233C44007F2246 /* Release */,
			);
			defaultConfigurationIsVisible = 0;
			defaultConfigurationName = Release;
		};
		A9E341852D233C44007F2246 /* Build configuration list for PBXNativeTarget "CookieSwifterTests" */ = {
			isa = XCConfigurationList;
			buildConfigurations = (
				A9E341862D233C44007F2246 /* Debug */,
				A9E341872D233C44007F2246 /* Release */,
			);
			defaultConfigurationIsVisible = 0;
			defaultConfigurationName = Release;
		};
		A9E341882D233C44007F2246 /* Build configuration list for PBXNativeTarget "CookieSwifterUITests" */ = {
			isa = XCConfigurationList;
			buildConfigurations = (
				A9E341892D233C44007F2246 /* Debug */,
				A9E3418A2D233C44007F2246 /* Release */,
			);
			defaultConfigurationIsVisible = 0;
			defaultConfigurationName = Release;
		};
/* End XCConfigurationList section */
	};
	rootObject = A9E341532D233C3B007F2246 /* Project object */;
}
